{
  "name": "rifflib",
  "version": "1.0.1",
  "lockfileVersion": 1,
  "requires": true,
  "dependencies": {
    "@types/node": {
      "version": "10.0.0",
      "resolved": "https://registry.npmjs.org/@types/node/-/node-10.0.0.tgz",
      "integrity": "sha512-kctoM36XiNZT86a7tPsUje+Q/yl+dqELjtYApi0T5eOQ90Elhu0MI10rmYk44yEP4v1jdDvtjQ9DFtpRtHf2Bw==",
      "dev": true
    },
    "xrtlibrary-async": {
      "version": "1.0.17",
      "resolved": "https://registry.npmjs.org/xrtlibrary-async/-/xrtlibrary-async-1.0.17.tgz",
      "integrity": "sha512-ihD49JVAUkRmNg4D6MF3/2vy/jipXLZIQKxuqZwIKSCFr48QZCWi5pwCq3wW1iziJDdaI+HTbNL0EkqyeQ21BA==",
      "requires": {
        "xrtlibrary-bughandler": "^1.0.3"
      }
    },
    "xrtlibrary-bughandler": {
      "version": "1.0.3",
      "resolved": "https://registry.npmjs.org/xrtlibrary-bughandler/-/xrtlibrary-bughandler-1.0.3.tgz",
      "integrity": "sha512-iZaHo5y2IjopmKLeMvDmKGbG7qYv1eb/72eWayfLOTZt/lQXGZq/gzwYffaHpFcQeUCCuJcLxZxJJvovEBq9zQ=="
    },
    "xrtlibrary-outputparameter": {
      "version": "1.0.1",
      "resolved": "https://registry.npmjs.org/xrtlibrary-outputparameter/-/xrtlibrary-outputparameter-1.0.1.tgz",
      "integrity": "sha512-LqRwM2f05YUafIWY74DFB5OkYIf2ScIozql6fLYpSZPAO33pjG8nNy4RtovaZOOOaPCGNfnknaaNp8UNNZtCWg=="
    }
  }
}
